{
  "name": "hello-world",
  "version": "1.0.0",
  "lockfileVersion": 2,
  "requires": true,
  "packages": {
    "": {
      "name": "hello-world",
      "version": "1.0.0",
      "license": "ISC",
      "dependencies": {
        "@actions/core": "^1.5.0"
      }
    },
    "node_modules/@actions/core": {
      "version": "1.5.0",
      "resolved": "https://registry.nlark.com/@actions/core/download/@actions/core-1.5.0.tgz",
      "integrity": "sha1-iFuGRwAAGhuab7okeDOgNuda2dM="
    }
  },
  "dependencies": {
    "@actions/core": {
      "version": "1.5.0",
      "resolved": "https://registry.nlark.com/@actions/core/download/@actions/core-1.5.0.tgz",
      "integrity": "sha1-iFuGRwAAGhuab7okeDOgNuda2dM="
    }
  }
}
